
Microsoft Visual Studio Solution File, Format Version 12.00
# Visual Studio Version 17
VisualStudioVersion = 17.3.32825.248
MinimumVisualStudioVersion = 10.0.40219.1
Project("{FAE04EC0-301F-11D3-BF4B-00C04F79EFBC}") = "Basic Calculator", "Basic Calculator\Basic Calculator.csproj", "{0AE9B731-856B-472D-9B32-5D07630504A3}"
EndProject
Global
	GlobalSection(SolutionConfigurationPlatforms) = preSolution
		Debug|Any CPU = Debug|Any CPU
		Release|Any CPU = Release|Any CPU
	EndGlobalSection
	GlobalSection(ProjectConfigurationPlatforms) = postSolution
		{0AE9B731-856B-472D-9B32-5D07630504A3}.Debug|Any CPU.ActiveCfg = Debug|Any CPU
		{0AE9B731-856B-472D-9B32-5D07630504A3}.Debug|Any CPU.Build.0 = Debug|Any CPU
		{0AE9B731-856B-472D-9B32-5D07630504A3}.Release|Any CPU.ActiveCfg = Release|Any CPU
		{0AE9B731-856B-472D-9B32-5D07630504A3}.Release|Any CPU.Build.0 = Release|Any CPU
	EndGlobalSection
	GlobalSection(SolutionProperties) = preSolution
		HideSolutionNode = FALSE
	EndGlobalSection
	GlobalSection(ExtensibilityGlobals) = postSolution
		SolutionGuid = {E0AAD938-BDC5-4762-9E2A-8FD37C7E25A4}
	EndGlobalSection
EndGlobal
