
Microsoft Visual Studio Solution File, Format Version 12.00
# Visual Studio Version 17
VisualStudioVersion = 17.3.32825.248
MinimumVisualStudioVersion = 10.0.40219.1
Project("{FAE04EC0-301F-11D3-BF4B-00C04F79EFBC}") = "Memory Card Game", "Memory Card Game\Memory Card Game.csproj", "{D7FB675C-4F65-40A4-B73B-E555ECA51353}"
EndProject
Global
	GlobalSection(SolutionConfigurationPlatforms) = preSolution
		Debug|Any CPU = Debug|Any CPU
		Release|Any CPU = Release|Any CPU
	EndGlobalSection
	GlobalSection(ProjectConfigurationPlatforms) = postSolution
		{D7FB675C-4F65-40A4-B73B-E555ECA51353}.Debug|Any CPU.ActiveCfg = Debug|Any CPU
		{D7FB675C-4F65-40A4-B73B-E555ECA51353}.Debug|Any CPU.Build.0 = Debug|Any CPU
		{D7FB675C-4F65-40A4-B73B-E555ECA51353}.Release|Any CPU.ActiveCfg = Release|Any CPU
		{D7FB675C-4F65-40A4-B73B-E555ECA51353}.Release|Any CPU.Build.0 = Release|Any CPU
	EndGlobalSection
	GlobalSection(SolutionProperties) = preSolution
		HideSolutionNode = FALSE
	EndGlobalSection
	GlobalSection(ExtensibilityGlobals) = postSolution
		SolutionGuid = {55AA8033-D507-4E03-98DA-557CA8068768}
	EndGlobalSection
EndGlobal
